// !$*UTF8*$!
{
	archiveVersion = 1;
	classes = {
	};
	objectVersion = 56;
	objects = {

/* Begin PBXBuildFile section */
		44B0E2C174661251644B4A80 /* Pods_Food_Order.framework in Frameworks */ = {isa = PBXBuildFile; fileRef = EFBC851E6CDC827A844BFA1F /* Pods_Food_Order.framework */; };
		6410C8C52A8969A500FDD929 /* ListDishesViewController.swift in Sources */ = {isa = PBXBuildFile; fileRef = 6410C8C42A8969A500FDD929 /* ListDishesViewController.swift */; };
		64692EDA2A855EFA00FB3720 /* DishPortraitCollectionViewCell.swift in Sources */ = {isa = PBXBuildFile; fileRef = 64692ED82A855EFA00FB3720 /* DishPortraitCollectionViewCell.swift */; };
		64692EDB2A855EFA00FB3720 /* DishPortraitCollectionViewCell.xib in Resources */ = {isa = PBXBuildFile; fileRef = 64692ED92A855EFA00FB3720 /* DishPortraitCollectionViewCell.xib */; };
		64692EDD2A85612B00FB3720 /* Dish.swift in Sources */ = {isa = PBXBuildFile; fileRef = 64692EDC2A85612B00FB3720 /* Dish.swift */; };
		64692EE12A85698F00FB3720 /* ChefsSpecialsCollectionViewCell.swift in Sources */ = {isa = PBXBuildFile; fileRef = 64692EDF2A85698F00FB3720 /* ChefsSpecialsCollectionViewCell.swift */; };
		64692EE22A85698F00FB3720 /* ChefsSpecialsCollectionViewCell.xib in Resources */ = {isa = PBXBuildFile; fileRef = 64692EE02A85698F00FB3720 /* ChefsSpecialsCollectionViewCell.xib */; };
		64695E8B2A817CA900504EE8 /* AppDelegate.swift in Sources */ = {isa = PBXBuildFile; fileRef = 64695E8A2A817CA900504EE8 /* AppDelegate.swift */; };
		64695E8D2A817CA900504EE8 /* SceneDelegate.swift in Sources */ = {isa = PBXBuildFile; fileRef = 64695E8C2A817CA900504EE8 /* SceneDelegate.swift */; };
		64695E922A817CA900504EE8 /* Main.storyboard in Resources */ = {isa = PBXBuildFile; fileRef = 64695E902A817CA900504EE8 /* Main.storyboard */; };
		64695E942A817CA900504EE8 /* Assets.xcassets in Resources */ = {isa = PBXBuildFile; fileRef = 64695E932A817CA900504EE8 /* Assets.xcassets */; };
		64695E972A817CA900504EE8 /* LaunchScreen.storyboard in Resources */ = {isa = PBXBuildFile; fileRef = 64695E952A817CA900504EE8 /* LaunchScreen.storyboard */; };
		64695EA42A81801B00504EE8 /* OnboardingViewController.swift in Sources */ = {isa = PBXBuildFile; fileRef = 64695EA32A81801B00504EE8 /* OnboardingViewController.swift */; };
		647836E62A841DC10055725C /* Kingfisher in Frameworks */ = {isa = PBXBuildFile; productRef = 647836E52A841DC10055725C /* Kingfisher */; };
		647836E82A841ED20055725C /* String+Extension.swift in Sources */ = {isa = PBXBuildFile; fileRef = 647836E72A841ED20055725C /* String+Extension.swift */; };
		647836EB2A8424B50055725C /* CardView.swift in Sources */ = {isa = PBXBuildFile; fileRef = 647836EA2A8424B50055725C /* CardView.swift */; };
		64AAD4FC2A82BFDC007CD63D /* UIView+Extension.swift in Sources */ = {isa = PBXBuildFile; fileRef = 64AAD4FB2A82BFDC007CD63D /* UIView+Extension.swift */; };
		64AAD4FE2A82C73C007CD63D /* OnboardingSlide.swift in Sources */ = {isa = PBXBuildFile; fileRef = 64AAD4FD2A82C73C007CD63D /* OnboardingSlide.swift */; };
		64AAD5002A82CA33007CD63D /* OnboardingCollectionViewCell.swift in Sources */ = {isa = PBXBuildFile; fileRef = 64AAD4FF2A82CA33007CD63D /* OnboardingCollectionViewCell.swift */; };
		64AAD5032A82DA46007CD63D /* HomeViewController.swift in Sources */ = {isa = PBXBuildFile; fileRef = 64AAD5022A82DA46007CD63D /* HomeViewController.swift */; };
		64E27C522A8810F10059D8C3 /* DishDetailViewController.swift in Sources */ = {isa = PBXBuildFile; fileRef = 64E27C512A8810F10059D8C3 /* DishDetailViewController.swift */; };
		64E27C542A881A0F0059D8C3 /* UIViewController+Extension.swift in Sources */ = {isa = PBXBuildFile; fileRef = 64E27C532A881A0F0059D8C3 /* UIViewController+Extension.swift */; };
		64E27C5B2A88233C0059D8C3 /* DishListTableViewCell.swift in Sources */ = {isa = PBXBuildFile; fileRef = 64E27C592A88233C0059D8C3 /* DishListTableViewCell.swift */; };
		64E27C5C2A88233C0059D8C3 /* DishListTableViewCell.xib in Resources */ = {isa = PBXBuildFile; fileRef = 64E27C5A2A88233C0059D8C3 /* DishListTableViewCell.xib */; };
		64F9927A2A84115F007D97F8 /* CatagoryCollectionViewCell.swift in Sources */ = {isa = PBXBuildFile; fileRef = 64F992782A84115F007D97F8 /* CatagoryCollectionViewCell.swift */; };
		64F9927B2A84115F007D97F8 /* CatagoryCollectionViewCell.xib in Resources */ = {isa = PBXBuildFile; fileRef = 64F992792A84115F007D97F8 /* CatagoryCollectionViewCell.xib */; };
		64F9927D2A8412F6007D97F8 /* DishCategory.swift in Sources */ = {isa = PBXBuildFile; fileRef = 64F9927C2A8412F6007D97F8 /* DishCategory.swift */; };
/* End PBXBuildFile section */

/* Begin PBXFileReference section */
		6410C8C42A8969A500FDD929 /* ListDishesViewController.swift */ = {isa = PBXFileReference; lastKnownFileType = sourcecode.swift; path = ListDishesViewController.swift; sourceTree = "<group>"; };
		64692ED82A855EFA00FB3720 /* DishPortraitCollectionViewCell.swift */ = {isa = PBXFileReference; lastKnownFileType = sourcecode.swift; path = DishPortraitCollectionViewCell.swift; sourceTree = "<group>"; };
		64692ED92A855EFA00FB3720 /* DishPortraitCollectionViewCell.xib */ = {isa = PBXFileReference; lastKnownFileType = file.xib; path = DishPortraitCollectionViewCell.xib; sourceTree = "<group>"; };
		64692EDC2A85612B00FB3720 /* Dish.swift */ = {isa = PBXFileReference; lastKnownFileType = sourcecode.swift; path = Dish.swift; sourceTree = "<group>"; };
		64692EDF2A85698F00FB3720 /* ChefsSpecialsCollectionViewCell.swift */ = {isa = PBXFileReference; lastKnownFileType = sourcecode.swift; path = ChefsSpecialsCollectionViewCell.swift; sourceTree = "<group>"; };
		64692EE02A85698F00FB3720 /* ChefsSpecialsCollectionViewCell.xib */ = {isa = PBXFileReference; lastKnownFileType = file.xib; path = ChefsSpecialsCollectionViewCell.xib; sourceTree = "<group>"; };
		64695E872A817CA900504EE8 /* Food-Order.app */ = {isa = PBXFileReference; explicitFileType = wrapper.application; includeInIndex = 0; path = "Food-Order.app"; sourceTree = BUILT_PRODUCTS_DIR; };
		64695E8A2A817CA900504EE8 /* AppDelegate.swift */ = {isa = PBXFileReference; lastKnownFileType = sourcecode.swift; path = AppDelegate.swift; sourceTree = "<group>"; };
		64695E8C2A817CA900504EE8 /* SceneDelegate.swift */ = {isa = PBXFileReference; lastKnownFileType = sourcecode.swift; path = SceneDelegate.swift; sourceTree = "<group>"; };
		64695E912A817CA900504EE8 /* Base */ = {isa = PBXFileReference; lastKnownFileType = file.storyboard; name = Base; path = Base.lproj/Main.storyboard; sourceTree = "<group>"; };
		64695E932A817CA900504EE8 /* Assets.xcassets */ = {isa = PBXFileReference; lastKnownFileType = folder.assetcatalog; path = Assets.xcassets; sourceTree = "<group>"; };
		64695E962A817CA900504EE8 /* Base */ = {isa = PBXFileReference; lastKnownFileType = file.storyboard; name = Base; path = Base.lproj/LaunchScreen.storyboard; sourceTree = "<group>"; };
		64695E982A817CA900504EE8 /* Info.plist */ = {isa = PBXFileReference; lastKnownFileType = text.plist.xml; path = Info.plist; sourceTree = "<group>"; };
		64695EA32A81801B00504EE8 /* OnboardingViewController.swift */ = {isa = PBXFileReference; lastKnownFileType = sourcecode.swift; path = OnboardingViewController.swift; sourceTree = "<group>"; };
		647836E72A841ED20055725C /* String+Extension.swift */ = {isa = PBXFileReference; lastKnownFileType = sourcecode.swift; path = "String+Extension.swift"; sourceTree = "<group>"; };
		647836EA2A8424B50055725C /* CardView.swift */ = {isa = PBXFileReference; lastKnownFileType = sourcecode.swift; path = CardView.swift; sourceTree = "<group>"; };
		64AAD4FB2A82BFDC007CD63D /* UIView+Extension.swift */ = {isa = PBXFileReference; lastKnownFileType = sourcecode.swift; path = "UIView+Extension.swift"; sourceTree = "<group>"; };
		64AAD4FD2A82C73C007CD63D /* OnboardingSlide.swift */ = {isa = PBXFileReference; lastKnownFileType = sourcecode.swift; path = OnboardingSlide.swift; sourceTree = "<group>"; };
		64AAD4FF2A82CA33007CD63D /* OnboardingCollectionViewCell.swift */ = {isa = PBXFileReference; lastKnownFileType = sourcecode.swift; path = OnboardingCollectionViewCell.swift; sourceTree = "<group>"; };
		64AAD5022A82DA46007CD63D /* HomeViewController.swift */ = {isa = PBXFileReference; lastKnownFileType = sourcecode.swift; path = HomeViewController.swift; sourceTree = "<group>"; };
		64E27C512A8810F10059D8C3 /* DishDetailViewController.swift */ = {isa = PBXFileReference; lastKnownFileType = sourcecode.swift; path = DishDetailViewController.swift; sourceTree = "<group>"; };
		64E27C532A881A0F0059D8C3 /* UIViewController+Extension.swift */ = {isa = PBXFileReference; lastKnownFileType = sourcecode.swift; path = "UIViewController+Extension.swift"; sourceTree = "<group>"; };
		64E27C592A88233C0059D8C3 /* DishListTableViewCell.swift */ = {isa = PBXFileReference; lastKnownFileType = sourcecode.swift; path = DishListTableViewCell.swift; sourceTree = "<group>"; };
		64E27C5A2A88233C0059D8C3 /* DishListTableViewCell.xib */ = {isa = PBXFileReference; lastKnownFileType = file.xib; path = DishListTableViewCell.xib; sourceTree = "<group>"; };
		64F992782A84115F007D97F8 /* CatagoryCollectionViewCell.swift */ = {isa = PBXFileReference; lastKnownFileType = sourcecode.swift; path = CatagoryCollectionViewCell.swift; sourceTree = "<group>"; };
		64F992792A84115F007D97F8 /* CatagoryCollectionViewCell.xib */ = {isa = PBXFileReference; lastKnownFileType = file.xib; path = CatagoryCollectionViewCell.xib; sourceTree = "<group>"; };
		64F9927C2A8412F6007D97F8 /* DishCategory.swift */ = {isa = PBXFileReference; lastKnownFileType = sourcecode.swift; path = DishCategory.swift; sourceTree = "<group>"; };
		CF7E9D7790DA6D8F389003B8 /* Pods-Food-Order.debug.xcconfig */ = {isa = PBXFileReference; includeInIndex = 1; lastKnownFileType = text.xcconfig; name = "Pods-Food-Order.debug.xcconfig"; path = "Target Support Files/Pods-Food-Order/Pods-Food-Order.debug.xcconfig"; sourceTree = "<group>"; };
		DFA7130CA7195DA18703E4AE /* Pods-Food-Order.release.xcconfig */ = {isa = PBXFileReference; includeInIndex = 1; lastKnownFileType = text.xcconfig; name = "Pods-Food-Order.release.xcconfig"; path = "Target Support Files/Pods-Food-Order/Pods-Food-Order.release.xcconfig"; sourceTree = "<group>"; };
		EFBC851E6CDC827A844BFA1F /* Pods_Food_Order.framework */ = {isa = PBXFileReference; explicitFileType = wrapper.framework; includeInIndex = 0; path = Pods_Food_Order.framework; sourceTree = BUILT_PRODUCTS_DIR; };
/* End PBXFileReference section */

/* Begin PBXFrameworksBuildPhase section */
		64695E842A817CA900504EE8 /* Frameworks */ = {
			isa = PBXFrameworksBuildPhase;
			buildActionMask = 2147483647;
			files = (
				647836E62A841DC10055725C /* Kingfisher in Frameworks */,
				44B0E2C174661251644B4A80 /* Pods_Food_Order.framework in Frameworks */,
			);
			runOnlyForDeploymentPostprocessing = 0;
		};
/* End PBXFrameworksBuildPhase section */

/* Begin PBXGroup section */
		3EFAD9B552FF728222C858F4 /* Frameworks */ = {
			isa = PBXGroup;
			children = (
				EFBC851E6CDC827A844BFA1F /* Pods_Food_Order.framework */,
			);
			name = Frameworks;
			sourceTree = "<group>";
		};
		6410C8C32A89698D00FDD929 /* ListDishes */ = {
			isa = PBXGroup;
			children = (
				6410C8C42A8969A500FDD929 /* ListDishesViewController.swift */,
			);
			path = ListDishes;
			sourceTree = "<group>";
		};
		64692ED72A855ED800FB3720 /* DishPortraitCollectionViewCell */ = {
			isa = PBXGroup;
			children = (
				64692ED82A855EFA00FB3720 /* DishPortraitCollectionViewCell.swift */,
				64692ED92A855EFA00FB3720 /* DishPortraitCollectionViewCell.xib */,
			);
			path = DishPortraitCollectionViewCell;
			sourceTree = "<group>";
		};
		64692EDE2A85695300FB3720 /* ChefsSpecialsCollectionViewCell */ = {
			isa = PBXGroup;
			children = (
				64692EDF2A85698F00FB3720 /* ChefsSpecialsCollectionViewCell.swift */,
				64692EE02A85698F00FB3720 /* ChefsSpecialsCollectionViewCell.xib */,
			);
			path = ChefsSpecialsCollectionViewCell;
			sourceTree = "<group>";
		};
		64695E7E2A817CA900504EE8 = {
			isa = PBXGroup;
			children = (
				64695E892A817CA900504EE8 /* Food-Order */,
				64695E882A817CA900504EE8 /* Products */,
				CAD6A20ECC9947F516A80026 /* Pods */,
				3EFAD9B552FF728222C858F4 /* Frameworks */,
			);
			sourceTree = "<group>";
		};
		64695E882A817CA900504EE8 /* Products */ = {
			isa = PBXGroup;
			children = (
				64695E872A817CA900504EE8 /* Food-Order.app */,
			);
			name = Products;
			sourceTree = "<group>";
		};
		64695E892A817CA900504EE8 /* Food-Order */ = {
			isa = PBXGroup;
			children = (
				64AAD4FA2A82BFC2007CD63D /* Extensions */,
				64695EA12A817FF100504EE8 /* CustomViews */,
				64695EA02A817FE900504EE8 /* Views */,
				64695E9E2A817FD900504EE8 /* Models */,
				64695E8A2A817CA900504EE8 /* AppDelegate.swift */,
				64695E8C2A817CA900504EE8 /* SceneDelegate.swift */,
				64695E902A817CA900504EE8 /* Main.storyboard */,
				64695E932A817CA900504EE8 /* Assets.xcassets */,
				64695E952A817CA900504EE8 /* LaunchScreen.storyboard */,
				64695E982A817CA900504EE8 /* Info.plist */,
			);
			path = "Food-Order";
			sourceTree = "<group>";
		};
		64695E9E2A817FD900504EE8 /* Models */ = {
			isa = PBXGroup;
			children = (
				64AAD4FD2A82C73C007CD63D /* OnboardingSlide.swift */,
				64F9927C2A8412F6007D97F8 /* DishCategory.swift */,
				64692EDC2A85612B00FB3720 /* Dish.swift */,
			);
			path = Models;
			sourceTree = "<group>";
		};
		64695EA02A817FE900504EE8 /* Views */ = {
			isa = PBXGroup;
			children = (
				6410C8C32A89698D00FDD929 /* ListDishes */,
				64E27C502A8810DE0059D8C3 /* DishDetail */,
				64AAD5012A82DA2E007CD63D /* Home */,
				64695EA22A817FFD00504EE8 /* Onboarding */,
			);
			path = Views;
			sourceTree = "<group>";
		};
		64695EA12A817FF100504EE8 /* CustomViews */ = {
			isa = PBXGroup;
			children = (
				64E27C552A8822D70059D8C3 /* TableViewCells */,
				647836E92A8424AA0055725C /* CardView */,
				64F992742A841119007D97F8 /* CollectionViewCells */,
			);
			path = CustomViews;
			sourceTree = "<group>";
		};
		64695EA22A817FFD00504EE8 /* Onboarding */ = {
			isa = PBXGroup;
			children = (
				64695EA32A81801B00504EE8 /* OnboardingViewController.swift */,
				64AAD4FF2A82CA33007CD63D /* OnboardingCollectionViewCell.swift */,
			);
			path = Onboarding;
			sourceTree = "<group>";
		};
		647836E92A8424AA0055725C /* CardView */ = {
			isa = PBXGroup;
			children = (
				647836EA2A8424B50055725C /* CardView.swift */,
			);
			path = CardView;
			sourceTree = "<group>";
		};
		64AAD4FA2A82BFC2007CD63D /* Extensions */ = {
			isa = PBXGroup;
			children = (
				64AAD4FB2A82BFDC007CD63D /* UIView+Extension.swift */,
				647836E72A841ED20055725C /* String+Extension.swift */,
				64E27C532A881A0F0059D8C3 /* UIViewController+Extension.swift */,
			);
			path = Extensions;
			sourceTree = "<group>";
		};
		64AAD5012A82DA2E007CD63D /* Home */ = {
			isa = PBXGroup;
			children = (
				64AAD5022A82DA46007CD63D /* HomeViewController.swift */,
			);
			path = Home;
			sourceTree = "<group>";
		};
		64E27C502A8810DE0059D8C3 /* DishDetail */ = {
			isa = PBXGroup;
			children = (
				64E27C512A8810F10059D8C3 /* DishDetailViewController.swift */,
			);
			path = DishDetail;
			sourceTree = "<group>";
		};
		64E27C552A8822D70059D8C3 /* TableViewCells */ = {
			isa = PBXGroup;
			children = (
				64E27C562A8822FF0059D8C3 /* DishListTableViewCell */,
			);
			path = TableViewCells;
			sourceTree = "<group>";
		};
		64E27C562A8822FF0059D8C3 /* DishListTableViewCell */ = {
			isa = PBXGroup;
			children = (
				64E27C592A88233C0059D8C3 /* DishListTableViewCell.swift */,
				64E27C5A2A88233C0059D8C3 /* DishListTableViewCell.xib */,
			);
			path = DishListTableViewCell;
			sourceTree = "<group>";
		};
		64F992742A841119007D97F8 /* CollectionViewCells */ = {
			isa = PBXGroup;
			children = (
				64692ED72A855ED800FB3720 /* DishPortraitCollectionViewCell */,
				64F992752A84112E007D97F8 /* CatagoryCollectionViewCell */,
				64692EDE2A85695300FB3720 /* ChefsSpecialsCollectionViewCell */,
			);
			path = CollectionViewCells;
			sourceTree = "<group>";
		};
		64F992752A84112E007D97F8 /* CatagoryCollectionViewCell */ = {
			isa = PBXGroup;
			children = (
				64F992782A84115F007D97F8 /* CatagoryCollectionViewCell.swift */,
				64F992792A84115F007D97F8 /* CatagoryCollectionViewCell.xib */,
			);
			path = CatagoryCollectionViewCell;
			sourceTree = "<group>";
		};
		CAD6A20ECC9947F516A80026 /* Pods */ = {
			isa = PBXGroup;
			children = (
				CF7E9D7790DA6D8F389003B8 /* Pods-Food-Order.debug.xcconfig */,
				DFA7130CA7195DA18703E4AE /* Pods-Food-Order.release.xcconfig */,
			);
			path = Pods;
			sourceTree = "<group>";
		};
/* End PBXGroup section */

/* Begin PBXNativeTarget section */
		64695E862A817CA900504EE8 /* Food-Order */ = {
			isa = PBXNativeTarget;
			buildConfigurationList = 64695E9B2A817CA900504EE8 /* Build configuration list for PBXNativeTarget "Food-Order" */;
			buildPhases = (
				9F649092D6C4E990245FC099 /* [CP] Check Pods Manifest.lock */,
				64695E832A817CA900504EE8 /* Sources */,
				64695E842A817CA900504EE8 /* Frameworks */,
				64695E852A817CA900504EE8 /* Resources */,
			);
			buildRules = (
			);
			dependencies = (
			);
			name = "Food-Order";
			packageProductDependencies = (
				647836E52A841DC10055725C /* Kingfisher */,
			);
			productName = "Food-Order";
			productReference = 64695E872A817CA900504EE8 /* Food-Order.app */;
			productType = "com.apple.product-type.application";
		};
/* End PBXNativeTarget section */

/* Begin PBXProject section */
		64695E7F2A817CA900504EE8 /* Project object */ = {
			isa = PBXProject;
			attributes = {
				BuildIndependentTargetsInParallel = 1;
				LastSwiftUpdateCheck = 1420;
				LastUpgradeCheck = 1420;
				TargetAttributes = {
					64695E862A817CA900504EE8 = {
						CreatedOnToolsVersion = 14.2;
					};
				};
			};
			buildConfigurationList = 64695E822A817CA900504EE8 /* Build configuration list for PBXProject "Food-Order" */;
			compatibilityVersion = "Xcode 14.0";
			developmentRegion = en;
			hasScannedForEncodings = 0;
			knownRegions = (
				en,
				Base,
			);
			mainGroup = 64695E7E2A817CA900504EE8;
			packageReferences = (
				647836E42A841DC10055725C /* XCRemoteSwiftPackageReference "Kingfisher" */,
			);
			productRefGroup = 64695E882A817CA900504EE8 /* Products */;
			projectDirPath = "";
			projectRoot = "";
			targets = (
				64695E862A817CA900504EE8 /* Food-Order */,
			);
		};
/* End PBXProject section */

/* Begin PBXResourcesBuildPhase section */
		64695E852A817CA900504EE8 /* Resources */ = {
			isa = PBXResourcesBuildPhase;
			buildActionMask = 2147483647;
			files = (
				64F9927B2A84115F007D97F8 /* CatagoryCollectionViewCell.xib in Resources */,
				64E27C5C2A88233C0059D8C3 /* DishListTableViewCell.xib in Resources */,
				64695E972A817CA900504EE8 /* LaunchScreen.storyboard in Resources */,
				64692EDB2A855EFA00FB3720 /* DishPortraitCollectionViewCell.xib in Resources */,
				64695E942A817CA900504EE8 /* Assets.xcassets in Resources */,
				64692EE22A85698F00FB3720 /* ChefsSpecialsCollectionViewCell.xib in Resources */,
				64695E922A817CA900504EE8 /* Main.storyboard in Resources */,
			);
			runOnlyForDeploymentPostprocessing = 0;
		};
/* End PBXResourcesBuildPhase section */

/* Begin PBXShellScriptBuildPhase section */
		9F649092D6C4E990245FC099 /* [CP] Check Pods Manifest.lock */ = {
			isa = PBXShellScriptBuildPhase;
			buildActionMask = 2147483647;
			files = (
			);
			inputFileListPaths = (
			);
			inputPaths = (
				"${PODS_PODFILE_DIR_PATH}/Podfile.lock",
				"${PODS_ROOT}/Manifest.lock",
			);
			name = "[CP] Check Pods Manifest.lock";
			outputFileListPaths = (
			);
			outputPaths = (
				"$(DERIVED_FILE_DIR)/Pods-Food-Order-checkManifestLockResult.txt",
			);
			runOnlyForDeploymentPostprocessing = 0;
			shellPath = /bin/sh;
			shellScript = "diff \"${PODS_PODFILE_DIR_PATH}/Podfile.lock\" \"${PODS_ROOT}/Manifest.lock\" > /dev/null\nif [ $? != 0 ] ; then\n    # print error to STDERR\n    echo \"error: The sandbox is not in sync with the Podfile.lock. Run 'pod install' or update your CocoaPods installation.\" >&2\n    exit 1\nfi\n# This output is used by Xcode 'outputs' to avoid re-running this script phase.\necho \"SUCCESS\" > \"${SCRIPT_OUTPUT_FILE_0}\"\n";
			showEnvVarsInLog = 0;
		};
/* End PBXShellScriptBuildPhase section */

/* Begin PBXSourcesBuildPhase section */
		64695E832A817CA900504EE8 /* Sources */ = {
			isa = PBXSourcesBuildPhase;
			buildActionMask = 2147483647;
			files = (
				64E27C5B2A88233C0059D8C3 /* DishListTableViewCell.swift in Sources */,
				64E27C542A881A0F0059D8C3 /* UIViewController+Extension.swift in Sources */,
				64F9927A2A84115F007D97F8 /* CatagoryCollectionViewCell.swift in Sources */,
				64AAD4FE2A82C73C007CD63D /* OnboardingSlide.swift in Sources */,
				64695E8B2A817CA900504EE8 /* AppDelegate.swift in Sources */,
				64695E8D2A817CA900504EE8 /* SceneDelegate.swift in Sources */,
				64AAD4FC2A82BFDC007CD63D /* UIView+Extension.swift in Sources */,
				64695EA42A81801B00504EE8 /* OnboardingViewController.swift in Sources */,
				64E27C522A8810F10059D8C3 /* DishDetailViewController.swift in Sources */,
				64AAD5032A82DA46007CD63D /* HomeViewController.swift in Sources */,
				64F9927D2A8412F6007D97F8 /* DishCategory.swift in Sources */,
				647836E82A841ED20055725C /* String+Extension.swift in Sources */,
				647836EB2A8424B50055725C /* CardView.swift in Sources */,
				64692EE12A85698F00FB3720 /* ChefsSpecialsCollectionViewCell.swift in Sources */,
				6410C8C52A8969A500FDD929 /* ListDishesViewController.swift in Sources */,
				64AAD5002A82CA33007CD63D /* OnboardingCollectionViewCell.swift in Sources */,
				64692EDD2A85612B00FB3720 /* Dish.swift in Sources */,
				64692EDA2A855EFA00FB3720 /* DishPortraitCollectionViewCell.swift in Sources */,
			);
			runOnlyForDeploymentPostprocessing = 0;
		};
/* End PBXSourcesBuildPhase section */

/* Begin PBXVariantGroup section */
		64695E902A817CA900504EE8 /* Main.storyboard */ = {
			isa = PBXVariantGroup;
			children = (
				64695E912A817CA900504EE8 /* Base */,
			);
			name = Main.storyboard;
			sourceTree = "<group>";
		};
		64695E952A817CA900504EE8 /* LaunchScreen.storyboard */ = {
			isa = PBXVariantGroup;
			children = (
				64695E962A817CA900504EE8 /* Base */,
			);
			name = LaunchScreen.storyboard;
			sourceTree = "<group>";
		};
/* End PBXVariantGroup section */

/* Begin XCBuildConfiguration section */
		64695E992A817CA900504EE8 /* Debug */ = {
			isa = XCBuildConfiguration;
			buildSettings = {
				ALWAYS_SEARCH_USER_PATHS = NO;
				CLANG_ANALYZER_NONNULL = YES;
				CLANG_ANALYZER_NUMBER_OBJECT_CONVERSION = YES_AGGRESSIVE;
				CLANG_CXX_LANGUAGE_STANDARD = "gnu++20";
				CLANG_ENABLE_MODULES = YES;
				CLANG_ENABLE_OBJC_ARC = YES;
				CLANG_ENABLE_OBJC_WEAK = YES;
				CLANG_WARN_BLOCK_CAPTURE_AUTORELEASING = YES;
				CLANG_WARN_BOOL_CONVERSION = YES;
				CLANG_WARN_COMMA = YES;
				CLANG_WARN_CONSTANT_CONVERSION = YES;
				CLANG_WARN_DEPRECATED_OBJC_IMPLEMENTATIONS = YES;
				CLANG_WARN_DIRECT_OBJC_ISA_USAGE = YES_ERROR;
				CLANG_WARN_DOCUMENTATION_COMMENTS = YES;
				CLANG_WARN_EMPTY_BODY = YES;
				CLANG_WARN_ENUM_CONVERSION = YES;
				CLANG_WARN_INFINITE_RECURSION = YES;
				CLANG_WARN_INT_CONVERSION = YES;
				CLANG_WARN_NON_LITERAL_NULL_CONVERSION = YES;
				CLANG_WARN_OBJC_IMPLICIT_RETAIN_SELF = YES;
				CLANG_WARN_OBJC_LITERAL_CONVERSION = YES;
				CLANG_WARN_OBJC_ROOT_CLASS = YES_ERROR;
				CLANG_WARN_QUOTED_INCLUDE_IN_FRAMEWORK_HEADER = YES;
				CLANG_WARN_RANGE_LOOP_ANALYSIS = YES;
				CLANG_WARN_STRICT_PROTOTYPES = YES;
				CLANG_WARN_SUSPICIOUS_MOVE = YES;
				CLANG_WARN_UNGUARDED_AVAILABILITY = YES_AGGRESSIVE;
				CLANG_WARN_UNREACHABLE_CODE = YES;
				CLANG_WARN__DUPLICATE_METHOD_MATCH = YES;
				COPY_PHASE_STRIP = NO;
				DEBUG_INFORMATION_FORMAT = dwarf;
				ENABLE_STRICT_OBJC_MSGSEND = YES;
				ENABLE_TESTABILITY = YES;
				GCC_C_LANGUAGE_STANDARD = gnu11;
				GCC_DYNAMIC_NO_PIC = NO;
				GCC_NO_COMMON_BLOCKS = YES;
				GCC_OPTIMIZATION_LEVEL = 0;
				GCC_PREPROCESSOR_DEFINITIONS = (
					"DEBUG=1",
					"$(inherited)",
				);
				GCC_WARN_64_TO_32_BIT_CONVERSION = YES;
				GCC_WARN_ABOUT_RETURN_TYPE = YES_ERROR;
				GCC_WARN_UNDECLARED_SELECTOR = YES;
				GCC_WARN_UNINITIALIZED_AUTOS = YES_AGGRESSIVE;
				GCC_WARN_UNUSED_FUNCTION = YES;
				GCC_WARN_UNUSED_VARIABLE = YES;
				IPHONEOS_DEPLOYMENT_TARGET = 16.2;
				MTL_ENABLE_DEBUG_INFO = INCLUDE_SOURCE;
				MTL_FAST_MATH = YES;
				ONLY_ACTIVE_ARCH = YES;
				SDKROOT = iphoneos;
				SWIFT_ACTIVE_COMPILATION_CONDITIONS = DEBUG;
				SWIFT_OPTIMIZATION_LEVEL = "-Onone";
			};
			name = Debug;
		};
		64695E9A2A817CA900504EE8 /* Release */ = {
			isa = XCBuildConfiguration;
			buildSettings = {
				ALWAYS_SEARCH_USER_PATHS = NO;
				CLANG_ANALYZER_NONNULL = YES;
				CLANG_ANALYZER_NUMBER_OBJECT_CONVERSION = YES_AGGRESSIVE;
				CLANG_CXX_LANGUAGE_STANDARD = "gnu++20";
				CLANG_ENABLE_MODULES = YES;
				CLANG_ENABLE_OBJC_ARC = YES;
				CLANG_ENABLE_OBJC_WEAK = YES;
				CLANG_WARN_BLOCK_CAPTURE_AUTORELEASING = YES;
				CLANG_WARN_BOOL_CONVERSION = YES;
				CLANG_WARN_COMMA = YES;
				CLANG_WARN_CONSTANT_CONVERSION = YES;
				CLANG_WARN_DEPRECATED_OBJC_IMPLEMENTATIONS = YES;
				CLANG_WARN_DIRECT_OBJC_ISA_USAGE = YES_ERROR;
				CLANG_WARN_DOCUMENTATION_COMMENTS = YES;
				CLANG_WARN_EMPTY_BODY = YES;
				CLANG_WARN_ENUM_CONVERSION = YES;
				CLANG_WARN_INFINITE_RECURSION = YES;
				CLANG_WARN_INT_CONVERSION = YES;
				CLANG_WARN_NON_LITERAL_NULL_CONVERSION = YES;
				CLANG_WARN_OBJC_IMPLICIT_RETAIN_SELF = YES;
				CLANG_WARN_OBJC_LITERAL_CONVERSION = YES;
				CLANG_WARN_OBJC_ROOT_CLASS = YES_ERROR;
				CLANG_WARN_QUOTED_INCLUDE_IN_FRAMEWORK_HEADER = YES;
				CLANG_WARN_RANGE_LOOP_ANALYSIS = YES;
				CLANG_WARN_STRICT_PROTOTYPES = YES;
				CLANG_WARN_SUSPICIOUS_MOVE = YES;
				CLANG_WARN_UNGUARDED_AVAILABILITY = YES_AGGRESSIVE;
				CLANG_WARN_UNREACHABLE_CODE = YES;
				CLANG_WARN__DUPLICATE_METHOD_MATCH = YES;
				COPY_PHASE_STRIP = NO;
				DEBUG_INFORMATION_FORMAT = "dwarf-with-dsym";
				ENABLE_NS_ASSERTIONS = NO;
				ENABLE_STRICT_OBJC_MSGSEND = YES;
				GCC_C_LANGUAGE_STANDARD = gnu11;
				GCC_NO_COMMON_BLOCKS = YES;
				GCC_WARN_64_TO_32_BIT_CONVERSION = YES;
				GCC_WARN_ABOUT_RETURN_TYPE = YES_ERROR;
				GCC_WARN_UNDECLARED_SELECTOR = YES;
				GCC_WARN_UNINITIALIZED_AUTOS = YES_AGGRESSIVE;
				GCC_WARN_UNUSED_FUNCTION = YES;
				GCC_WARN_UNUSED_VARIABLE = YES;
				IPHONEOS_DEPLOYMENT_TARGET = 16.2;
				MTL_ENABLE_DEBUG_INFO = NO;
				MTL_FAST_MATH = YES;
				SDKROOT = iphoneos;
				SWIFT_COMPILATION_MODE = wholemodule;
				SWIFT_OPTIMIZATION_LEVEL = "-O";
				VALIDATE_PRODUCT = YES;
			};
			name = Release;
		};
		64695E9C2A817CA900504EE8 /* Debug */ = {
			isa = XCBuildConfiguration;
			baseConfigurationReference = CF7E9D7790DA6D8F389003B8 /* Pods-Food-Order.debug.xcconfig */;
			buildSettings = {
				ASSETCATALOG_COMPILER_APPICON_NAME = AppIcon;
				ASSETCATALOG_COMPILER_GLOBAL_ACCENT_COLOR_NAME = AccentColor;
				CODE_SIGN_STYLE = Automatic;
				CURRENT_PROJECT_VERSION = 1;
				GENERATE_INFOPLIST_FILE = YES;
				INFOPLIST_FILE = "Food-Order/Info.plist";
				INFOPLIST_KEY_UIApplicationSupportsIndirectInputEvents = YES;
				INFOPLIST_KEY_UILaunchStoryboardName = LaunchScreen;
				INFOPLIST_KEY_UIMainStoryboardFile = Main;
				INFOPLIST_KEY_UISupportedInterfaceOrientations_iPad = "UIInterfaceOrientationPortrait UIInterfaceOrientationPortraitUpsideDown UIInterfaceOrientationLandscapeLeft UIInterfaceOrientationLandscapeRight";
				INFOPLIST_KEY_UISupportedInterfaceOrientations_iPhone = "UIInterfaceOrientationPortrait UIInterfaceOrientationLandscapeLeft UIInterfaceOrientationLandscapeRight";
				LD_RUNPATH_SEARCH_PATHS = (
					"$(inherited)",
					"@executable_path/Frameworks",
				);
				MARKETING_VERSION = 1.0;
				PRODUCT_BUNDLE_IDENTIFIER = "co.bahittin.Food-Order";
				PRODUCT_NAME = "$(TARGET_NAME)";
				SWIFT_EMIT_LOC_STRINGS = YES;
				SWIFT_VERSION = 5.0;
				TARGETED_DEVICE_FAMILY = "1,2";
			};
			name = Debug;
		};
		64695E9D2A817CA900504EE8 /* Release */ = {
			isa = XCBuildConfiguration;
			baseConfigurationReference = DFA7130CA7195DA18703E4AE /* Pods-Food-Order.release.xcconfig */;
			buildSettings = {
				ASSETCATALOG_COMPILER_APPICON_NAME = AppIcon;
				ASSETCATALOG_COMPILER_GLOBAL_ACCENT_COLOR_NAME = AccentColor;
				CODE_SIGN_STYLE = Automatic;
				CURRENT_PROJECT_VERSION = 1;
				GENERATE_INFOPLIST_FILE = YES;
				INFOPLIST_FILE = "Food-Order/Info.plist";
				INFOPLIST_KEY_UIApplicationSupportsIndirectInputEvents = YES;
				INFOPLIST_KEY_UILaunchStoryboardName = LaunchScreen;
				INFOPLIST_KEY_UIMainStoryboardFile = Main;
				INFOPLIST_KEY_UISupportedInterfaceOrientations_iPad = "UIInterfaceOrientationPortrait UIInterfaceOrientationPortraitUpsideDown UIInterfaceOrientationLandscapeLeft UIInterfaceOrientationLandscapeRight";
				INFOPLIST_KEY_UISupportedInterfaceOrientations_iPhone = "UIInterfaceOrientationPortrait UIInterfaceOrientationLandscapeLeft UIInterfaceOrientationLandscapeRight";
				LD_RUNPATH_SEARCH_PATHS = (
					"$(inherited)",
					"@executable_path/Frameworks",
				);
				MARKETING_VERSION = 1.0;
				PRODUCT_BUNDLE_IDENTIFIER = "co.bahittin.Food-Order";
				PRODUCT_NAME = "$(TARGET_NAME)";
				SWIFT_EMIT_LOC_STRINGS = YES;
				SWIFT_VERSION = 5.0;
				TARGETED_DEVICE_FAMILY = "1,2";
			};
			name = Release;
		};
/* End XCBuildConfiguration section */

/* Begin XCConfigurationList section */
		64695E822A817CA900504EE8 /* Build configuration list for PBXProject "Food-Order" */ = {
			isa = XCConfigurationList;
			buildConfigurations = (
				64695E992A817CA900504EE8 /* Debug */,
				64695E9A2A817CA900504EE8 /* Release */,
			);
			defaultConfigurationIsVisible = 0;
			defaultConfigurationName = Release;
		};
		64695E9B2A817CA900504EE8 /* Build configuration list for PBXNativeTarget "Food-Order" */ = {
			isa = XCConfigurationList;
			buildConfigurations = (
				64695E9C2A817CA900504EE8 /* Debug */,
				64695E9D2A817CA900504EE8 /* Release */,
			);
			defaultConfigurationIsVisible = 0;
			defaultConfigurationName = Release;
		};
/* End XCConfigurationList section */

/* Begin XCRemoteSwiftPackageReference section */
		647836E42A841DC10055725C /* XCRemoteSwiftPackageReference "Kingfisher" */ = {
			isa = XCRemoteSwiftPackageReference;
			repositoryURL = "https://github.com/onevcat/Kingfisher.git";
			requirement = {
				kind = upToNextMajorVersion;
				minimumVersion = 7.0.0;
			};
		};
/* End XCRemoteSwiftPackageReference section */

/* Begin XCSwiftPackageProductDependency section */
		647836E52A841DC10055725C /* Kingfisher */ = {
			isa = XCSwiftPackageProductDependency;
			package = 647836E42A841DC10055725C /* XCRemoteSwiftPackageReference "Kingfisher" */;
			productName = Kingfisher;
		};
/* End XCSwiftPackageProductDependency section */
	};
	rootObject = 64695E7F2A817CA900504EE8 /* Project object */;
}
